version = 1
revision = 2
requires-python = ">=3.13"

[[package]]
name = "maturin"
version = "1.12.2"
source = { registry = "https://pypi.org/simple" }
sdist = { url = "https://files.pythonhosted.org/packages/ae/13/aeff8a21835ed0e40c329c286750fcdcdcbf231f1a5cb327378666c5def6/maturin-1.12.2.tar.gz", hash = "sha256:d6253079f53dbb692395a13abddc0f2d3d96af32f8c0b32e2912849713c55794", size = 257279, upload-time = "2026-02-16T13:56:20.221Z" }
wheels = [
    { url = "https://files.pythonhosted.org/packages/8a/9d/4811e1fcaa346a0b9fad6aee0ac0eec9eb376a24fe27c66d5d4fe975586e/maturin-1.12.2-py3-none-linux_armv6l.whl", hash = "sha256:0ed31b6a392928ad23645a470edc4f3814b952a416e41f8e5daac42d7bfbabc6", size = 9653200, upload-time = "2026-02-16T13:56:16.216Z" },
    { url = "https://files.pythonhosted.org/packages/69/db/74d582af74c32bbda12e4d7e153b389884409a1c5cd31edc9d3194d515f7/maturin-1.12.2-py3-none-macosx_10_12_x86_64.macosx_11_0_arm64.macosx_10_12_universal2.whl", hash = "sha256:f1c2e4ee43bf286b052091a3b2356a157978985837c7aed42354deb2947a4006", size = 18870087, upload-time = "2026-02-16T13:56:18.463Z" },
    { url = "https://files.pythonhosted.org/packages/9d/6f/71be226c6780387f032c0b4ab791c390c7162ed62f93a11e600f9266dafd/maturin-1.12.2-py3-none-macosx_10_12_x86_64.whl", hash = "sha256:04c9c4f9c9f904f007cbfcd4640c406e53f19d04c220f5940d1537edb914d325", size = 9762083, upload-time = "2026-02-16T13:56:27.853Z" },
    { url = "https://files.pythonhosted.org/packages/6a/cc/989dce6140227277b4184aab248d07fe67fa11f95411ccf90e272542287d/maturin-1.12.2-py3-none-manylinux_2_12_i686.manylinux2010_i686.musllinux_1_1_i686.whl", hash = "sha256:4bdc486b9ab80d8b50143ecc9a1924b890866fe95be150dd9a59fa22a6b37238", size = 9710711, upload-time = "2026-02-16T13:56:21.364Z" },
    { url = "https://files.pythonhosted.org/packages/a1/e8/02bb64f7150013d8af3ca622944e22f550beb312b6d5cf8760dc2896cce8/maturin-1.12.2-py3-none-manylinux_2_12_x86_64.manylinux2010_x86_64.musllinux_1_1_x86_64.whl", hash = "sha256:134e895578258a693ba1d55b166c2ba96e9f51067e106b8a74d422432653d45b", size = 10205015, upload-time = "2026-02-16T13:56:07.994Z" },
    { url = "https://files.pythonhosted.org/packages/84/81/b603a74bef68fabd402d1e54f43560213ea69c3c01467610d0256eea013b/maturin-1.12.2-py3-none-manylinux_2_17_aarch64.manylinux2014_aarch64.musllinux_1_1_aarch64.whl", hash = "sha256:39665d622dcc950ab17b9569e8cab84a4d64eea6a18b540a8b49e00c0f7dda02", size = 9536887, upload-time = "2026-02-16T13:56:25.658Z" },
    { url = "https://files.pythonhosted.org/packages/70/a5/387c7bced34f7fd8d08d399c6b1ac3d94d7ca50c9f87db9e1bc0dd8c8d08/maturin-1.12.2-py3-none-manylinux_2_17_armv7l.manylinux2014_armv7l.musllinux_1_1_armv7l.whl", hash = "sha256:ca3b20bcc3aff115c9eaf97340e78bff58829ea1efa16764940dd0d858dcf6af", size = 9487394, upload-time = "2026-02-16T13:56:29.875Z" },
    { url = "https://files.pythonhosted.org/packages/6d/30/d5ae812c54a70d5d3a5b67b073e92d1d14d36675242e2d00e6a175fa6117/maturin-1.12.2-py3-none-manylinux_2_17_ppc64le.manylinux2014_ppc64le.musllinux_1_1_ppc64le.whl", hash = "sha256:d1617989b4a5dc543fea6d23c28b2f07fadb2c726ff00fe959538ee71a301384", size = 12577754, upload-time = "2026-02-16T13:56:31.902Z" },
    { url = "https://files.pythonhosted.org/packages/84/f4/7baac2fa5324ccdc3f888ff5f6a793f3eb5a7805d89bc17a8bacbe9fc566/maturin-1.12.2-py3-none-manylinux_2_17_s390x.manylinux2014_s390x.whl", hash = "sha256:6af778e7ee048612e55a1255488db7678741bea2ba881e66a19712f59f2534cb", size = 10375409, upload-time = "2026-02-16T13:56:23.316Z" },
    { url = "https://files.pythonhosted.org/packages/6f/ed/5680efbb1becb4f47da3ada8ea4eb6844d2fd91ae558287e1dd0871cb603/maturin-1.12.2-py3-none-manylinux_2_31_riscv64.musllinux_1_1_riscv64.whl", hash = "sha256:72aad9efe09a6392de9930f2bea80bfcc36fd98e18caa621f512571179c02d41", size = 10010584, upload-time = "2026-02-16T13:56:10.357Z" },
    { url = "https://files.pythonhosted.org/packages/86/20/7e27e07dd2270b707dd0124256cd46bef7c8832476b0aefa2ecd74835365/maturin-1.12.2-py3-none-win32.whl", hash = "sha256:9763d277e143409cf0ce309eb1a493fc4e1e75777364d67ccac39a161b51b5b0", size = 8483122, upload-time = "2026-02-16T13:56:12.606Z" },
    { url = "https://files.pythonhosted.org/packages/3b/6e/9cc0e19c9a336fbc1b9664c1a7955caa6d8fd510c0047ace9be66a33704a/maturin-1.12.2-py3-none-win_amd64.whl", hash = "sha256:c06d218931985035d7ab4d0211ba96027e1bc7e4b01a87c8c4e30a57790403ec", size = 9825577, upload-time = "2026-02-16T13:56:34.193Z" },
    { url = "https://files.pythonhosted.org/packages/2e/67/07ea2c991ca1a55c6b08cd821710736276af7a3e160e1f869ea5c41c78c3/maturin-1.12.2-py3-none-win_arm64.whl", hash = "sha256:a882cc80c241b1e2c27bd1acd713b09e9ac9266a3159cc1e34e8c7b77f049bba", size = 8522702, upload-time = "2026-02-16T13:56:14.42Z" },
]

[[package]]
name = "python-dotenv"
version = "1.2.1"
source = { registry = "https://pypi.org/simple" }
sdist = { url = "https://files.pythonhosted.org/packages/f0/26/19cadc79a718c5edbec86fd4919a6b6d3f681039a2f6d66d14be94e75fb9/python_dotenv-1.2.1.tar.gz", hash = "sha256:42667e897e16ab0d66954af0e60a9caa94f0fd4ecf3aaf6d2d260eec1aa36ad6", size = 44221, upload-time = "2025-10-26T15:12:10.434Z" }
wheels = [
    { url = "https://files.pythonhosted.org/packages/14/1b/a298b06749107c305e1fe0f814c6c74aea7b2f1e10989cb30f544a1b3253/python_dotenv-1.2.1-py3-none-any.whl", hash = "sha256:b81ee9561e9ca4004139c6cbba3a238c32b03e4894671e181b671e8cb8425d61", size = 21230, upload-time = "2025-10-26T15:12:09.109Z" },
]

[[package]]
name = "rusty-agent-sdk"
version = "0.1.0"
source = { editable = "." }

[package.dev-dependencies]
dev = [
    { name = "maturin" },
    { name = "python-dotenv" },
]

[package.metadata]

[package.metadata.requires-dev]
dev = [
    { name = "maturin", specifier = ">=1.12.2" },
    { name = "python-dotenv", specifier = ">=1.2.1" },
]
